{
  "version": "3",
  "packages": {
    "specifiers": {
      "npm:@types/node@^20.11.16": "npm:@types/node@20.11.16",
      "npm:busboy@^1.6.0": "npm:busboy@1.6.0",
      "npm:mime@^4.0.1": "npm:mime@4.0.1"
    },
    "npm": {
      "@types/node@20.11.16": {
        "integrity": "sha512-gKb0enTmRCzXSSUJDq6/sPcqrfCv2mkkG6Jt/clpn5eiCbKTY+SgZUxo+p8ZKMof5dCp9vHQUAB7wOUTod22wQ==",
        "dependencies": {
          "undici-types": "undici-types@5.26.5"
        }
      },
      "busboy@1.6.0": {
        "integrity": "sha512-8SFQbg/0hQ9xy3UNTB0YEnsNBbWfhf7RtnzpL7TkBiTBRfrQ9Fxcnz7VJsleJpyp6rVLvXiuORqjlHi5q+PYuA==",
        "dependencies": {
          "streamsearch": "streamsearch@1.1.0"
        }
      },
      "mime@4.0.1": {
        "integrity": "sha512-5lZ5tyrIfliMXzFtkYyekWbtRXObT9OWa8IwQ5uxTBDHucNNwniRqo0yInflj+iYi5CBa6qxadGzGarDfuEOxA==",
        "dependencies": {}
      },
      "streamsearch@1.1.0": {
        "integrity": "sha512-Mcc5wHehp9aXz1ax6bZUyY5afg9u2rv5cqQI3mRrYkGC8rW2hM02jWuwjtL++LS5qinSyhj2QfLyNsuc+VsExg==",
        "dependencies": {}
      },
      "undici-types@5.26.5": {
        "integrity": "sha512-JlCMO+ehdEIKqlFxk6IfVoAUVmgz7cU7zD/h9XZ0qzeosSHmUJVOzSQvvYSYWXkFXC+IfLKSIffhv0sVZup6pA==",
        "dependencies": {}
      }
    }
  },
  "remote": {},
  "workspace": {
    "packageJson": {
      "dependencies": [
        "npm:@types/node@^20.11.16",
        "npm:busboy@^1.6.0",
        "npm:mime@^4.0.1"
      ]
    }
  }
}
